
Microsoft Visual Studio Solution File, Format Version 12.00
# Visual Studio 15
VisualStudioVersion = 15.0.27004.2006
MinimumVisualStudioVersion = 10.0.40219.1
Project("{888888A0-9F3D-457C-B088-3A5042F75D52}") = "PyMicroServices", "PyMicroServices\PyMicroServices.pyproj", "{A2D54F18-E3CE-4B4A-AED6-1B9965826AAB}"
EndProject
Global
	GlobalSection(SolutionConfigurationPlatforms) = preSolution
		Debug|Any CPU = Debug|Any CPU
		Release|Any CPU = Release|Any CPU
	EndGlobalSection
	GlobalSection(ProjectConfigurationPlatforms) = postSolution
		{A2D54F18-E3CE-4B4A-AED6-1B9965826AAB}.Debug|Any CPU.ActiveCfg = Debug|Any CPU
		{A2D54F18-E3CE-4B4A-AED6-1B9965826AAB}.Release|Any CPU.ActiveCfg = Release|Any CPU
	EndGlobalSection
	GlobalSection(SolutionProperties) = preSolution
		HideSolutionNode = FALSE
	EndGlobalSection
	GlobalSection(ExtensibilityGlobals) = postSolution
		SolutionGuid = {5D7FA5D7-92AF-445A-9467-21C113AE5C7C}
	EndGlobalSection
EndGlobal
